
Microsoft Visual Studio Solution File, Format Version 12.00
# Visual Studio Version 17
VisualStudioVersion = 17.14.36310.24
MinimumVisualStudioVersion = 10.0.40219.1
Project("{FAE04EC0-301F-11D3-BF4B-00C04F79EFBC}") = "Music", "Music\Music.csproj", "{FAD604FC-7B99-9D5F-43AE-E8E055B2ABDD}"
EndProject
Global
	GlobalSection(SolutionConfigurationPlatforms) = preSolution
		Debug|Any CPU = Debug|Any CPU
		Release|Any CPU = Release|Any CPU
	EndGlobalSection
	GlobalSection(ProjectConfigurationPlatforms) = postSolution
		{FAD604FC-7B99-9D5F-43AE-E8E055B2ABDD}.Debug|Any CPU.ActiveCfg = Debug|Any CPU
		{FAD604FC-7B99-9D5F-43AE-E8E055B2ABDD}.Debug|Any CPU.Build.0 = Debug|Any CPU
		{FAD604FC-7B99-9D5F-43AE-E8E055B2ABDD}.Release|Any CPU.ActiveCfg = Release|Any CPU
		{FAD604FC-7B99-9D5F-43AE-E8E055B2ABDD}.Release|Any CPU.Build.0 = Release|Any CPU
	EndGlobalSection
	GlobalSection(SolutionProperties) = preSolution
		HideSolutionNode = FALSE
	EndGlobalSection
	GlobalSection(ExtensibilityGlobals) = postSolution
		SolutionGuid = {846BEE5D-4A5A-4A85-AC27-89D007EE37E0}
	EndGlobalSection
EndGlobal
